// !$*UTF8*$!
{
	archiveVersion = 1;
	classes = {
	};
	objectVersion = 50;
	objects = {

/* Begin PBXBuildFile section */
		7C6A4BB8B4C780E55982817B /* libPods-JLRoutesDemo.a in Frameworks */ = {isa = PBXBuildFile; fileRef = 62711CE3D808E5C83D02D632 /* libPods-JLRoutesDemo.a */; };
		A0234FD420C78BFF00C45F58 /* AppDelegate.m in Sources */ = {isa = PBXBuildFile; fileRef = A0234FD320C78BFF00C45F58 /* AppDelegate.m */; };
		A0234FD720C78BFF00C45F58 /* ViewController.m in Sources */ = {isa = PBXBuildFile; fileRef = A0234FD620C78BFF00C45F58 /* ViewController.m */; };
		A0234FDA20C78BFF00C45F58 /* Main.storyboard in Resources */ = {isa = PBXBuildFile; fileRef = A0234FD820C78BFF00C45F58 /* Main.storyboard */; };
		A0234FDC20C78C0100C45F58 /* Assets.xcassets in Resources */ = {isa = PBXBuildFile; fileRef = A0234FDB20C78C0100C45F58 /* Assets.xcassets */; };
		A0234FDF20C78C0100C45F58 /* LaunchScreen.storyboard in Resources */ = {isa = PBXBuildFile; fileRef = A0234FDD20C78C0100C45F58 /* LaunchScreen.storyboard */; };
		A0234FE220C78C0100C45F58 /* main.m in Sources */ = {isa = PBXBuildFile; fileRef = A0234FE120C78C0100C45F58 /* main.m */; };
		A0234FEC20C78C0100C45F58 /* JLRoutesDemoTests.m in Sources */ = {isa = PBXBuildFile; fileRef = A0234FEB20C78C0100C45F58 /* JLRoutesDemoTests.m */; };
		A0234FF720C78C0100C45F58 /* JLRoutesDemoUITests.m in Sources */ = {isa = PBXBuildFile; fileRef = A0234FF620C78C0100C45F58 /* JLRoutesDemoUITests.m */; };
		A023500C20C78DBB00C45F58 /* MYTabBarViewController.m in Sources */ = {isa = PBXBuildFile; fileRef = A023500B20C78DBB00C45F58 /* MYTabBarViewController.m */; };
		A023501020C78E2700C45F58 /* OneViewController.m in Sources */ = {isa = PBXBuildFile; fileRef = A023500F20C78E2700C45F58 /* OneViewController.m */; };
		A023501320C78E3900C45F58 /* TwoViewController.m in Sources */ = {isa = PBXBuildFile; fileRef = A023501220C78E3900C45F58 /* TwoViewController.m */; };
		A023501620C78E5500C45F58 /* ThreeViewController.m in Sources */ = {isa = PBXBuildFile; fileRef = A023501520C78E5500C45F58 /* ThreeViewController.m */; };
		A023501920C792E900C45F58 /* AppDelegate+Route.m in Sources */ = {isa = PBXBuildFile; fileRef = A023501820C792E900C45F58 /* AppDelegate+Route.m */; };
		A023501D20C7BCAB00C45F58 /* UIViewController+Route.m in Sources */ = {isa = PBXBuildFile; fileRef = A023501C20C7BCAB00C45F58 /* UIViewController+Route.m */; };
		A023502020C7BFDE00C45F58 /* FourViewController.m in Sources */ = {isa = PBXBuildFile; fileRef = A023501F20C7BFDE00C45F58 /* FourViewController.m */; };
/* End PBXBuildFile section */

/* Begin PBXContainerItemProxy section */
		A0234FE820C78C0100C45F58 /* PBXContainerItemProxy */ = {
			isa = PBXContainerItemProxy;
			containerPortal = A0234FC720C78BFF00C45F58 /* Project object */;
			proxyType = 1;
			remoteGlobalIDString = A0234FCE20C78BFF00C45F58;
			remoteInfo = JLRoutesDemo;
		};
		A0234FF320C78C0100C45F58 /* PBXContainerItemProxy */ = {
			isa = PBXContainerItemProxy;
			containerPortal = A0234FC720C78BFF00C45F58 /* Project object */;
			proxyType = 1;
			remoteGlobalIDString = A0234FCE20C78BFF00C45F58;
			remoteInfo = JLRoutesDemo;
		};
/* End PBXContainerItemProxy section */

/* Begin PBXFileReference section */
		62711CE3D808E5C83D02D632 /* libPods-JLRoutesDemo.a */ = {isa = PBXFileReference; explicitFileType = archive.ar; includeInIndex = 0; path = "libPods-JLRoutesDemo.a"; sourceTree = BUILT_PRODUCTS_DIR; };
		A0234FCF20C78BFF00C45F58 /* JLRoutesDemo.app */ = {isa = PBXFileReference; explicitFileType = wrapper.application; includeInIndex = 0; path = JLRoutesDemo.app; sourceTree = BUILT_PRODUCTS_DIR; };
		A0234FD220C78BFF00C45F58 /* AppDelegate.h */ = {isa = PBXFileReference; lastKnownFileType = sourcecode.c.h; path = AppDelegate.h; sourceTree = "<group>"; };
		A0234FD320C78BFF00C45F58 /* AppDelegate.m */ = {isa = PBXFileReference; lastKnownFileType = sourcecode.c.objc; path = AppDelegate.m; sourceTree = "<group>"; };
		A0234FD520C78BFF00C45F58 /* ViewController.h */ = {isa = PBXFileReference; lastKnownFileType = sourcecode.c.h; path = ViewController.h; sourceTree = "<group>"; };
		A0234FD620C78BFF00C45F58 /* ViewController.m */ = {isa = PBXFileReference; lastKnownFileType = sourcecode.c.objc; path = ViewController.m; sourceTree = "<group>"; };
		A0234FD920C78BFF00C45F58 /* Base */ = {isa = PBXFileReference; lastKnownFileType = file.storyboard; name = Base; path = Base.lproj/Main.storyboard; sourceTree = "<group>"; };
		A0234FDB20C78C0100C45F58 /* Assets.xcassets */ = {isa = PBXFileReference; lastKnownFileType = folder.assetcatalog; path = Assets.xcassets; sourceTree = "<group>"; };
		A0234FDE20C78C0100C45F58 /* Base */ = {isa = PBXFileReference; lastKnownFileType = file.storyboard; name = Base; path = Base.lproj/LaunchScreen.storyboard; sourceTree = "<group>"; };
		A0234FE020C78C0100C45F58 /* Info.plist */ = {isa = PBXFileReference; lastKnownFileType = text.plist.xml; path = Info.plist; sourceTree = "<group>"; };
		A0234FE120C78C0100C45F58 /* main.m */ = {isa = PBXFileReference; lastKnownFileType = sourcecode.c.objc; path = main.m; sourceTree = "<group>"; };
		A0234FE720C78C0100C45F58 /* JLRoutesDemoTests.xctest */ = {isa = PBXFileReference; explicitFileType = wrapper.cfbundle; includeInIndex = 0; path = JLRoutesDemoTests.xctest; sourceTree = BUILT_PRODUCTS_DIR; };
		A0234FEB20C78C0100C45F58 /* JLRoutesDemoTests.m */ = {isa = PBXFileReference; lastKnownFileType = sourcecode.c.objc; path = JLRoutesDemoTests.m; sourceTree = "<group>"; };
		A0234FED20C78C0100C45F58 /* Info.plist */ = {isa = PBXFileReference; lastKnownFileType = text.plist.xml; path = Info.plist; sourceTree = "<group>"; };
		A0234FF220C78C0100C45F58 /* JLRoutesDemoUITests.xctest */ = {isa = PBXFileReference; explicitFileType = wrapper.cfbundle; includeInIndex = 0; path = JLRoutesDemoUITests.xctest; sourceTree = BUILT_PRODUCTS_DIR; };
		A0234FF620C78C0100C45F58 /* JLRoutesDemoUITests.m */ = {isa = PBXFileReference; lastKnownFileType = sourcecode.c.objc; path = JLRoutesDemoUITests.m; sourceTree = "<group>"; };
		A0234FF820C78C0100C45F58 /* Info.plist */ = {isa = PBXFileReference; lastKnownFileType = text.plist.xml; path = Info.plist; sourceTree = "<group>"; };
		A023500A20C78DBB00C45F58 /* MYTabBarViewController.h */ = {isa = PBXFileReference; lastKnownFileType = sourcecode.c.h; path = MYTabBarViewController.h; sourceTree = "<group>"; };
		A023500B20C78DBB00C45F58 /* MYTabBarViewController.m */ = {isa = PBXFileReference; lastKnownFileType = sourcecode.c.objc; path = MYTabBarViewController.m; sourceTree = "<group>"; };
		A023500E20C78E2700C45F58 /* OneViewController.h */ = {isa = PBXFileReference; lastKnownFileType = sourcecode.c.h; path = OneViewController.h; sourceTree = "<group>"; };
		A023500F20C78E2700C45F58 /* OneViewController.m */ = {isa = PBXFileReference; lastKnownFileType = sourcecode.c.objc; path = OneViewController.m; sourceTree = "<group>"; };
		A023501120C78E3900C45F58 /* TwoViewController.h */ = {isa = PBXFileReference; lastKnownFileType = sourcecode.c.h; path = TwoViewController.h; sourceTree = "<group>"; };
		A023501220C78E3900C45F58 /* TwoViewController.m */ = {isa = PBXFileReference; lastKnownFileType = sourcecode.c.objc; path = TwoViewController.m; sourceTree = "<group>"; };
		A023501420C78E5500C45F58 /* ThreeViewController.h */ = {isa = PBXFileReference; lastKnownFileType = sourcecode.c.h; path = ThreeViewController.h; sourceTree = "<group>"; };
		A023501520C78E5500C45F58 /* ThreeViewController.m */ = {isa = PBXFileReference; lastKnownFileType = sourcecode.c.objc; path = ThreeViewController.m; sourceTree = "<group>"; };
		A023501720C792E900C45F58 /* AppDelegate+Route.h */ = {isa = PBXFileReference; lastKnownFileType = sourcecode.c.h; path = "AppDelegate+Route.h"; sourceTree = "<group>"; };
		A023501820C792E900C45F58 /* AppDelegate+Route.m */ = {isa = PBXFileReference; lastKnownFileType = sourcecode.c.objc; path = "AppDelegate+Route.m"; sourceTree = "<group>"; };
		A023501B20C7BCAB00C45F58 /* UIViewController+Route.h */ = {isa = PBXFileReference; lastKnownFileType = sourcecode.c.h; path = "UIViewController+Route.h"; sourceTree = "<group>"; };
		A023501C20C7BCAB00C45F58 /* UIViewController+Route.m */ = {isa = PBXFileReference; lastKnownFileType = sourcecode.c.objc; path = "UIViewController+Route.m"; sourceTree = "<group>"; };
		A023501E20C7BFDE00C45F58 /* FourViewController.h */ = {isa = PBXFileReference; lastKnownFileType = sourcecode.c.h; path = FourViewController.h; sourceTree = "<group>"; };
		A023501F20C7BFDE00C45F58 /* FourViewController.m */ = {isa = PBXFileReference; lastKnownFileType = sourcecode.c.objc; path = FourViewController.m; sourceTree = "<group>"; };
		BFFA6F71A63B2E0432A57C9B /* Pods-JLRoutesDemo.debug.xcconfig */ = {isa = PBXFileReference; includeInIndex = 1; lastKnownFileType = text.xcconfig; name = "Pods-JLRoutesDemo.debug.xcconfig"; path = "Pods/Target Support Files/Pods-JLRoutesDemo/Pods-JLRoutesDemo.debug.xcconfig"; sourceTree = "<group>"; };
		FE8FE1E7741902B17082402A /* Pods-JLRoutesDemo.release.xcconfig */ = {isa = PBXFileReference; includeInIndex = 1; lastKnownFileType = text.xcconfig; name = "Pods-JLRoutesDemo.release.xcconfig"; path = "Pods/Target Support Files/Pods-JLRoutesDemo/Pods-JLRoutesDemo.release.xcconfig"; sourceTree = "<group>"; };
/* End PBXFileReference section */

/* Begin PBXFrameworksBuildPhase section */
		A0234FCC20C78BFF00C45F58 /* Frameworks */ = {
			isa = PBXFrameworksBuildPhase;
			buildActionMask = 2147483647;
			files = (
				7C6A4BB8B4C780E55982817B /* libPods-JLRoutesDemo.a in Frameworks */,
			);
			runOnlyForDeploymentPostprocessing = 0;
		};
		A0234FE420C78C0100C45F58 /* Frameworks */ = {
			isa = PBXFrameworksBuildPhase;
			buildActionMask = 2147483647;
			files = (
			);
			runOnlyForDeploymentPostprocessing = 0;
		};
		A0234FEF20C78C0100C45F58 /* Frameworks */ = {
			isa = PBXFrameworksBuildPhase;
			buildActionMask = 2147483647;
			files = (
			);
			runOnlyForDeploymentPostprocessing = 0;
		};
/* End PBXFrameworksBuildPhase section */

/* Begin PBXGroup section */
		07C5A49749917BCC2604F514 /* Pods */ = {
			isa = PBXGroup;
			children = (
				BFFA6F71A63B2E0432A57C9B /* Pods-JLRoutesDemo.debug.xcconfig */,
				FE8FE1E7741902B17082402A /* Pods-JLRoutesDemo.release.xcconfig */,
			);
			name = Pods;
			sourceTree = "<group>";
		};
		68300C72435F61F884643BF0 /* Frameworks */ = {
			isa = PBXGroup;
			children = (
				62711CE3D808E5C83D02D632 /* libPods-JLRoutesDemo.a */,
			);
			name = Frameworks;
			sourceTree = "<group>";
		};
		A0234FC620C78BFF00C45F58 = {
			isa = PBXGroup;
			children = (
				A0234FD120C78BFF00C45F58 /* JLRoutesDemo */,
				A0234FEA20C78C0100C45F58 /* JLRoutesDemoTests */,
				A0234FF520C78C0100C45F58 /* JLRoutesDemoUITests */,
				A0234FD020C78BFF00C45F58 /* Products */,
				07C5A49749917BCC2604F514 /* Pods */,
				68300C72435F61F884643BF0 /* Frameworks */,
			);
			sourceTree = "<group>";
		};
		A0234FD020C78BFF00C45F58 /* Products */ = {
			isa = PBXGroup;
			children = (
				A0234FCF20C78BFF00C45F58 /* JLRoutesDemo.app */,
				A0234FE720C78C0100C45F58 /* JLRoutesDemoTests.xctest */,
				A0234FF220C78C0100C45F58 /* JLRoutesDemoUITests.xctest */,
			);
			name = Products;
			sourceTree = "<group>";
		};
		A0234FD120C78BFF00C45F58 /* JLRoutesDemo */ = {
			isa = PBXGroup;
			children = (
				A023500520C78CE500C45F58 /* Classes */,
				A023500420C78CC100C45F58 /* AppDelegate */,
				A0234FD520C78BFF00C45F58 /* ViewController.h */,
				A0234FD620C78BFF00C45F58 /* ViewController.m */,
				A0234FD820C78BFF00C45F58 /* Main.storyboard */,
				A0234FDB20C78C0100C45F58 /* Assets.xcassets */,
				A0234FDD20C78C0100C45F58 /* LaunchScreen.storyboard */,
				A0234FE020C78C0100C45F58 /* Info.plist */,
				A0234FE120C78C0100C45F58 /* main.m */,
			);
			path = JLRoutesDemo;
			sourceTree = "<group>";
		};
		A0234FEA20C78C0100C45F58 /* JLRoutesDemoTests */ = {
			isa = PBXGroup;
			children = (
				A0234FEB20C78C0100C45F58 /* JLRoutesDemoTests.m */,
				A0234FED20C78C0100C45F58 /* Info.plist */,
			);
			path = JLRoutesDemoTests;
			sourceTree = "<group>";
		};
		A0234FF520C78C0100C45F58 /* JLRoutesDemoUITests */ = {
			isa = PBXGroup;
			children = (
				A0234FF620C78C0100C45F58 /* JLRoutesDemoUITests.m */,
				A0234FF820C78C0100C45F58 /* Info.plist */,
			);
			path = JLRoutesDemoUITests;
			sourceTree = "<group>";
		};
		A023500420C78CC100C45F58 /* AppDelegate */ = {
			isa = PBXGroup;
			children = (
				A0234FD220C78BFF00C45F58 /* AppDelegate.h */,
				A0234FD320C78BFF00C45F58 /* AppDelegate.m */,
				A023501720C792E900C45F58 /* AppDelegate+Route.h */,
				A023501820C792E900C45F58 /* AppDelegate+Route.m */,
			);
			path = AppDelegate;
			sourceTree = "<group>";
		};
		A023500520C78CE500C45F58 /* Classes */ = {
			isa = PBXGroup;
			children = (
				A023501A20C7BC0E00C45F58 /* Category */,
				A023500D20C78DF800C45F58 /* ViewControllers */,
				A023500620C78CFB00C45F58 /* TabViewController */,
			);
			path = Classes;
			sourceTree = "<group>";
		};
		A023500620C78CFB00C45F58 /* TabViewController */ = {
			isa = PBXGroup;
			children = (
				A023500A20C78DBB00C45F58 /* MYTabBarViewController.h */,
				A023500B20C78DBB00C45F58 /* MYTabBarViewController.m */,
			);
			path = TabViewController;
			sourceTree = "<group>";
		};
		A023500D20C78DF800C45F58 /* ViewControllers */ = {
			isa = PBXGroup;
			children = (
				A023500E20C78E2700C45F58 /* OneViewController.h */,
				A023500F20C78E2700C45F58 /* OneViewController.m */,
				A023501120C78E3900C45F58 /* TwoViewController.h */,
				A023501220C78E3900C45F58 /* TwoViewController.m */,
				A023501420C78E5500C45F58 /* ThreeViewController.h */,
				A023501520C78E5500C45F58 /* ThreeViewController.m */,
				A023501E20C7BFDE00C45F58 /* FourViewController.h */,
				A023501F20C7BFDE00C45F58 /* FourViewController.m */,
			);
			path = ViewControllers;
			sourceTree = "<group>";
		};
		A023501A20C7BC0E00C45F58 /* Category */ = {
			isa = PBXGroup;
			children = (
				A023501B20C7BCAB00C45F58 /* UIViewController+Route.h */,
				A023501C20C7BCAB00C45F58 /* UIViewController+Route.m */,
			);
			path = Category;
			sourceTree = "<group>";
		};
/* End PBXGroup section */

/* Begin PBXNativeTarget section */
		A0234FCE20C78BFF00C45F58 /* JLRoutesDemo */ = {
			isa = PBXNativeTarget;
			buildConfigurationList = A0234FFB20C78C0100C45F58 /* Build configuration list for PBXNativeTarget "JLRoutesDemo" */;
			buildPhases = (
				FFDEF99D60538ED9BA9F5E1D /* [CP] Check Pods Manifest.lock */,
				A0234FCB20C78BFF00C45F58 /* Sources */,
				A0234FCC20C78BFF00C45F58 /* Frameworks */,
				A0234FCD20C78BFF00C45F58 /* Resources */,
				4B747460A2C59978A361FF50 /* [CP] Embed Pods Frameworks */,
				8F8F2B53EE52016143DD3C37 /* [CP] Copy Pods Resources */,
			);
			buildRules = (
			);
			dependencies = (
			);
			name = JLRoutesDemo;
			productName = JLRoutesDemo;
			productReference = A0234FCF20C78BFF00C45F58 /* JLRoutesDemo.app */;
			productType = "com.apple.product-type.application";
		};
		A0234FE620C78C0100C45F58 /* JLRoutesDemoTests */ = {
			isa = PBXNativeTarget;
			buildConfigurationList = A0234FFE20C78C0100C45F58 /* Build configuration list for PBXNativeTarget "JLRoutesDemoTests" */;
			buildPhases = (
				A0234FE320C78C0100C45F58 /* Sources */,
				A0234FE420C78C0100C45F58 /* Frameworks */,
				A0234FE520C78C0100C45F58 /* Resources */,
			);
			buildRules = (
			);
			dependencies = (
				A0234FE920C78C0100C45F58 /* PBXTargetDependency */,
			);
			name = JLRoutesDemoTests;
			productName = JLRoutesDemoTests;
			productReference = A0234FE720C78C0100C45F58 /* JLRoutesDemoTests.xctest */;
			productType = "com.apple.product-type.bundle.unit-test";
		};
		A0234FF120C78C0100C45F58 /* JLRoutesDemoUITests */ = {
			isa = PBXNativeTarget;
			buildConfigurationList = A023500120C78C0100C45F58 /* Build configuration list for PBXNativeTarget "JLRoutesDemoUITests" */;
			buildPhases = (
				A0234FEE20C78C0100C45F58 /* Sources */,
				A0234FEF20C78C0100C45F58 /* Frameworks */,
				A0234FF020C78C0100C45F58 /* Resources */,
			);
			buildRules = (
			);
			dependencies = (
				A0234FF420C78C0100C45F58 /* PBXTargetDependency */,
			);
			name = JLRoutesDemoUITests;
			productName = JLRoutesDemoUITests;
			productReference = A0234FF220C78C0100C45F58 /* JLRoutesDemoUITests.xctest */;
			productType = "com.apple.product-type.bundle.ui-testing";
		};
/* End PBXNativeTarget section */

/* Begin PBXProject section */
		A0234FC720C78BFF00C45F58 /* Project object */ = {
			isa = PBXProject;
			attributes = {
				LastUpgradeCheck = 0930;
				ORGANIZATIONNAME = Ziwutong;
				TargetAttributes = {
					A0234FCE20C78BFF00C45F58 = {
						CreatedOnToolsVersion = 9.3;
					};
					A0234FE620C78C0100C45F58 = {
						CreatedOnToolsVersion = 9.3;
						TestTargetID = A0234FCE20C78BFF00C45F58;
					};
					A0234FF120C78C0100C45F58 = {
						CreatedOnToolsVersion = 9.3;
						TestTargetID = A0234FCE20C78BFF00C45F58;
					};
				};
			};
			buildConfigurationList = A0234FCA20C78BFF00C45F58 /* Build configuration list for PBXProject "JLRoutesDemo" */;
			compatibilityVersion = "Xcode 9.3";
			developmentRegion = en;
			hasScannedForEncodings = 0;
			knownRegions = (
				en,
				Base,
			);
			mainGroup = A0234FC620C78BFF00C45F58;
			productRefGroup = A0234FD020C78BFF00C45F58 /* Products */;
			projectDirPath = "";
			projectRoot = "";
			targets = (
				A0234FCE20C78BFF00C45F58 /* JLRoutesDemo */,
				A0234FE620C78C0100C45F58 /* JLRoutesDemoTests */,
				A0234FF120C78C0100C45F58 /* JLRoutesDemoUITests */,
			);
		};
/* End PBXProject section */

/* Begin PBXResourcesBuildPhase section */
		A0234FCD20C78BFF00C45F58 /* Resources */ = {
			isa = PBXResourcesBuildPhase;
			buildActionMask = 2147483647;
			files = (
				A0234FDF20C78C0100C45F58 /* LaunchScreen.storyboard in Resources */,
				A0234FDC20C78C0100C45F58 /* Assets.xcassets in Resources */,
				A0234FDA20C78BFF00C45F58 /* Main.storyboard in Resources */,
			);
			runOnlyForDeploymentPostprocessing = 0;
		};
		A0234FE520C78C0100C45F58 /* Resources */ = {
			isa = PBXResourcesBuildPhase;
			buildActionMask = 2147483647;
			files = (
			);
			runOnlyForDeploymentPostprocessing = 0;
		};
		A0234FF020C78C0100C45F58 /* Resources */ = {
			isa = PBXResourcesBuildPhase;
			buildActionMask = 2147483647;
			files = (
			);
			runOnlyForDeploymentPostprocessing = 0;
		};
/* End PBXResourcesBuildPhase section */

/* Begin PBXShellScriptBuildPhase section */
		4B747460A2C59978A361FF50 /* [CP] Embed Pods Frameworks */ = {
			isa = PBXShellScriptBuildPhase;
			buildActionMask = 2147483647;
			files = (
			);
			inputPaths = (
			);
			name = "[CP] Embed Pods Frameworks";
			outputPaths = (
			);
			runOnlyForDeploymentPostprocessing = 0;
			shellPath = /bin/sh;
			shellScript = "\"${SRCROOT}/Pods/Target Support Files/Pods-JLRoutesDemo/Pods-JLRoutesDemo-frameworks.sh\"\n";
			showEnvVarsInLog = 0;
		};
		8F8F2B53EE52016143DD3C37 /* [CP] Copy Pods Resources */ = {
			isa = PBXShellScriptBuildPhase;
			buildActionMask = 2147483647;
			files = (
			);
			inputPaths = (
			);
			name = "[CP] Copy Pods Resources";
			outputPaths = (
			);
			runOnlyForDeploymentPostprocessing = 0;
			shellPath = /bin/sh;
			shellScript = "\"${SRCROOT}/Pods/Target Support Files/Pods-JLRoutesDemo/Pods-JLRoutesDemo-resources.sh\"\n";
			showEnvVarsInLog = 0;
		};
		FFDEF99D60538ED9BA9F5E1D /* [CP] Check Pods Manifest.lock */ = {
			isa = PBXShellScriptBuildPhase;
			buildActionMask = 2147483647;
			files = (
			);
			inputPaths = (
				"${PODS_PODFILE_DIR_PATH}/Podfile.lock",
				"${PODS_ROOT}/Manifest.lock",
			);
			name = "[CP] Check Pods Manifest.lock";
			outputPaths = (
				"$(DERIVED_FILE_DIR)/Pods-JLRoutesDemo-checkManifestLockResult.txt",
			);
			runOnlyForDeploymentPostprocessing = 0;
			shellPath = /bin/sh;
			shellScript = "diff \"${PODS_PODFILE_DIR_PATH}/Podfile.lock\" \"${PODS_ROOT}/Manifest.lock\" > /dev/null\nif [ $? != 0 ] ; then\n    # print error to STDERR\n    echo \"error: The sandbox is not in sync with the Podfile.lock. Run 'pod install' or update your CocoaPods installation.\" >&2\n    exit 1\nfi\n# This output is used by Xcode 'outputs' to avoid re-running this script phase.\necho \"SUCCESS\" > \"${SCRIPT_OUTPUT_FILE_0}\"\n";
			showEnvVarsInLog = 0;
		};
/* End PBXShellScriptBuildPhase section */

/* Begin PBXSourcesBuildPhase section */
		A0234FCB20C78BFF00C45F58 /* Sources */ = {
			isa = PBXSourcesBuildPhase;
			buildActionMask = 2147483647;
			files = (
				A023500C20C78DBB00C45F58 /* MYTabBarViewController.m in Sources */,
				A023501620C78E5500C45F58 /* ThreeViewController.m in Sources */,
				A023502020C7BFDE00C45F58 /* FourViewController.m in Sources */,
				A023501020C78E2700C45F58 /* OneViewController.m in Sources */,
				A0234FD720C78BFF00C45F58 /* ViewController.m in Sources */,
				A023501920C792E900C45F58 /* AppDelegate+Route.m in Sources */,
				A023501320C78E3900C45F58 /* TwoViewController.m in Sources */,
				A0234FE220C78C0100C45F58 /* main.m in Sources */,
				A0234FD420C78BFF00C45F58 /* AppDelegate.m in Sources */,
				A023501D20C7BCAB00C45F58 /* UIViewController+Route.m in Sources */,
			);
			runOnlyForDeploymentPostprocessing = 0;
		};
		A0234FE320C78C0100C45F58 /* Sources */ = {
			isa = PBXSourcesBuildPhase;
			buildActionMask = 2147483647;
			files = (
				A0234FEC20C78C0100C45F58 /* JLRoutesDemoTests.m in Sources */,
			);
			runOnlyForDeploymentPostprocessing = 0;
		};
		A0234FEE20C78C0100C45F58 /* Sources */ = {
			isa = PBXSourcesBuildPhase;
			buildActionMask = 2147483647;
			files = (
				A0234FF720C78C0100C45F58 /* JLRoutesDemoUITests.m in Sources */,
			);
			runOnlyForDeploymentPostprocessing = 0;
		};
/* End PBXSourcesBuildPhase section */

/* Begin PBXTargetDependency section */
		A0234FE920C78C0100C45F58 /* PBXTargetDependency */ = {
			isa = PBXTargetDependency;
			target = A0234FCE20C78BFF00C45F58 /* JLRoutesDemo */;
			targetProxy = A0234FE820C78C0100C45F58 /* PBXContainerItemProxy */;
		};
		A0234FF420C78C0100C45F58 /* PBXTargetDependency */ = {
			isa = PBXTargetDependency;
			target = A0234FCE20C78BFF00C45F58 /* JLRoutesDemo */;
			targetProxy = A0234FF320C78C0100C45F58 /* PBXContainerItemProxy */;
		};
/* End PBXTargetDependency section */

/* Begin PBXVariantGroup section */
		A0234FD820C78BFF00C45F58 /* Main.storyboard */ = {
			isa = PBXVariantGroup;
			children = (
				A0234FD920C78BFF00C45F58 /* Base */,
			);
			name = Main.storyboard;
			sourceTree = "<group>";
		};
		A0234FDD20C78C0100C45F58 /* LaunchScreen.storyboard */ = {
			isa = PBXVariantGroup;
			children = (
				A0234FDE20C78C0100C45F58 /* Base */,
			);
			name = LaunchScreen.storyboard;
			sourceTree = "<group>";
		};
/* End PBXVariantGroup section */

/* Begin XCBuildConfiguration section */
		A0234FF920C78C0100C45F58 /* Debug */ = {
			isa = XCBuildConfiguration;
			buildSettings = {
				ALWAYS_SEARCH_USER_PATHS = NO;
				CLANG_ANALYZER_NONNULL = YES;
				CLANG_ANALYZER_NUMBER_OBJECT_CONVERSION = YES_AGGRESSIVE;
				CLANG_CXX_LANGUAGE_STANDARD = "gnu++14";
				CLANG_CXX_LIBRARY = "libc++";
				CLANG_ENABLE_MODULES = YES;
				CLANG_ENABLE_OBJC_ARC = YES;
				CLANG_ENABLE_OBJC_WEAK = YES;
				CLANG_WARN_BLOCK_CAPTURE_AUTORELEASING = YES;
				CLANG_WARN_BOOL_CONVERSION = YES;
				CLANG_WARN_COMMA = YES;
				CLANG_WARN_CONSTANT_CONVERSION = YES;
				CLANG_WARN_DEPRECATED_OBJC_IMPLEMENTATIONS = YES;
				CLANG_WARN_DIRECT_OBJC_ISA_USAGE = YES_ERROR;
				CLANG_WARN_DOCUMENTATION_COMMENTS = YES;
				CLANG_WARN_EMPTY_BODY = YES;
				CLANG_WARN_ENUM_CONVERSION = YES;
				CLANG_WARN_INFINITE_RECURSION = YES;
				CLANG_WARN_INT_CONVERSION = YES;
				CLANG_WARN_NON_LITERAL_NULL_CONVERSION = YES;
				CLANG_WARN_OBJC_IMPLICIT_RETAIN_SELF = YES;
				CLANG_WARN_OBJC_LITERAL_CONVERSION = YES;
				CLANG_WARN_OBJC_ROOT_CLASS = YES_ERROR;
				CLANG_WARN_RANGE_LOOP_ANALYSIS = YES;
				CLANG_WARN_STRICT_PROTOTYPES = YES;
				CLANG_WARN_SUSPICIOUS_MOVE = YES;
				CLANG_WARN_UNGUARDED_AVAILABILITY = YES_AGGRESSIVE;
				CLANG_WARN_UNREACHABLE_CODE = YES;
				CLANG_WARN__DUPLICATE_METHOD_MATCH = YES;
				CODE_SIGN_IDENTITY = "iPhone Developer";
				COPY_PHASE_STRIP = NO;
				DEBUG_INFORMATION_FORMAT = dwarf;
				ENABLE_STRICT_OBJC_MSGSEND = YES;
				ENABLE_TESTABILITY = YES;
				GCC_C_LANGUAGE_STANDARD = gnu11;
				GCC_DYNAMIC_NO_PIC = NO;
				GCC_NO_COMMON_BLOCKS = YES;
				GCC_OPTIMIZATION_LEVEL = 0;
				GCC_PREPROCESSOR_DEFINITIONS = (
					"DEBUG=1",
					"$(inherited)",
				);
				GCC_WARN_64_TO_32_BIT_CONVERSION = YES;
				GCC_WARN_ABOUT_RETURN_TYPE = YES_ERROR;
				GCC_WARN_UNDECLARED_SELECTOR = YES;
				GCC_WARN_UNINITIALIZED_AUTOS = YES_AGGRESSIVE;
				GCC_WARN_UNUSED_FUNCTION = YES;
				GCC_WARN_UNUSED_VARIABLE = YES;
				IPHONEOS_DEPLOYMENT_TARGET = 11.3;
				MTL_ENABLE_DEBUG_INFO = YES;
				ONLY_ACTIVE_ARCH = YES;
				SDKROOT = iphoneos;
			};
			name = Debug;
		};
		A0234FFA20C78C0100C45F58 /* Release */ = {
			isa = XCBuildConfiguration;
			buildSettings = {
				ALWAYS_SEARCH_USER_PATHS = NO;
				CLANG_ANALYZER_NONNULL = YES;
				CLANG_ANALYZER_NUMBER_OBJECT_CONVERSION = YES_AGGRESSIVE;
				CLANG_CXX_LANGUAGE_STANDARD = "gnu++14";
				CLANG_CXX_LIBRARY = "libc++";
				CLANG_ENABLE_MODULES = YES;
				CLANG_ENABLE_OBJC_ARC = YES;
				CLANG_ENABLE_OBJC_WEAK = YES;
				CLANG_WARN_BLOCK_CAPTURE_AUTORELEASING = YES;
				CLANG_WARN_BOOL_CONVERSION = YES;
				CLANG_WARN_COMMA = YES;
				CLANG_WARN_CONSTANT_CONVERSION = YES;
				CLANG_WARN_DEPRECATED_OBJC_IMPLEMENTATIONS = YES;
				CLANG_WARN_DIRECT_OBJC_ISA_USAGE = YES_ERROR;
				CLANG_WARN_DOCUMENTATION_COMMENTS = YES;
				CLANG_WARN_EMPTY_BODY = YES;
				CLANG_WARN_ENUM_CONVERSION = YES;
				CLANG_WARN_INFINITE_RECURSION = YES;
				CLANG_WARN_INT_CONVERSION = YES;
				CLANG_WARN_NON_LITERAL_NULL_CONVERSION = YES;
				CLANG_WARN_OBJC_IMPLICIT_RETAIN_SELF = YES;
				CLANG_WARN_OBJC_LITERAL_CONVERSION = YES;
				CLANG_WARN_OBJC_ROOT_CLASS = YES_ERROR;
				CLANG_WARN_RANGE_LOOP_ANALYSIS = YES;
				CLANG_WARN_STRICT_PROTOTYPES = YES;
				CLANG_WARN_SUSPICIOUS_MOVE = YES;
				CLANG_WARN_UNGUARDED_AVAILABILITY = YES_AGGRESSIVE;
				CLANG_WARN_UNREACHABLE_CODE = YES;
				CLANG_WARN__DUPLICATE_METHOD_MATCH = YES;
				CODE_SIGN_IDENTITY = "iPhone Developer";
				COPY_PHASE_STRIP = NO;
				DEBUG_INFORMATION_FORMAT = "dwarf-with-dsym";
				ENABLE_NS_ASSERTIONS = NO;
				ENABLE_STRICT_OBJC_MSGSEND = YES;
				GCC_C_LANGUAGE_STANDARD = gnu11;
				GCC_NO_COMMON_BLOCKS = YES;
				GCC_WARN_64_TO_32_BIT_CONVERSION = YES;
				GCC_WARN_ABOUT_RETURN_TYPE = YES_ERROR;
				GCC_WARN_UNDECLARED_SELECTOR = YES;
				GCC_WARN_UNINITIALIZED_AUTOS = YES_AGGRESSIVE;
				GCC_WARN_UNUSED_FUNCTION = YES;
				GCC_WARN_UNUSED_VARIABLE = YES;
				IPHONEOS_DEPLOYMENT_TARGET = 11.3;
				MTL_ENABLE_DEBUG_INFO = NO;
				SDKROOT = iphoneos;
				VALIDATE_PRODUCT = YES;
			};
			name = Release;
		};
		A0234FFC20C78C0100C45F58 /* Debug */ = {
			isa = XCBuildConfiguration;
			baseConfigurationReference = BFFA6F71A63B2E0432A57C9B /* Pods-JLRoutesDemo.debug.xcconfig */;
			buildSettings = {
				ASSETCATALOG_COMPILER_APPICON_NAME = AppIcon;
				CODE_SIGN_STYLE = Automatic;
				DEVELOPMENT_TEAM = 53395UF4JK;
				INFOPLIST_FILE = JLRoutesDemo/Info.plist;
				LD_RUNPATH_SEARCH_PATHS = (
					"$(inherited)",
					"@executable_path/Frameworks",
				);
				PRODUCT_BUNDLE_IDENTIFIER = com.Ziwutong.JLRoutesDemo;
				PRODUCT_NAME = "$(TARGET_NAME)";
				TARGETED_DEVICE_FAMILY = "1,2";
			};
			name = Debug;
		};
		A0234FFD20C78C0100C45F58 /* Release */ = {
			isa = XCBuildConfiguration;
			baseConfigurationReference = FE8FE1E7741902B17082402A /* Pods-JLRoutesDemo.release.xcconfig */;
			buildSettings = {
				ASSETCATALOG_COMPILER_APPICON_NAME = AppIcon;
				CODE_SIGN_STYLE = Automatic;
				DEVELOPMENT_TEAM = 53395UF4JK;
				INFOPLIST_FILE = JLRoutesDemo/Info.plist;
				LD_RUNPATH_SEARCH_PATHS = (
					"$(inherited)",
					"@executable_path/Frameworks",
				);
				PRODUCT_BUNDLE_IDENTIFIER = com.Ziwutong.JLRoutesDemo;
				PRODUCT_NAME = "$(TARGET_NAME)";
				TARGETED_DEVICE_FAMILY = "1,2";
			};
			name = Release;
		};
		A0234FFF20C78C0100C45F58 /* Debug */ = {
			isa = XCBuildConfiguration;
			buildSettings = {
				BUNDLE_LOADER = "$(TEST_HOST)";
				CODE_SIGN_STYLE = Automatic;
				DEVELOPMENT_TEAM = 53395UF4JK;
				INFOPLIST_FILE = JLRoutesDemoTests/Info.plist;
				LD_RUNPATH_SEARCH_PATHS = (
					"$(inherited)",
					"@executable_path/Frameworks",
					"@loader_path/Frameworks",
				);
				PRODUCT_BUNDLE_IDENTIFIER = com.Ziwutong.JLRoutesDemoTests;
				PRODUCT_NAME = "$(TARGET_NAME)";
				TARGETED_DEVICE_FAMILY = "1,2";
				TEST_HOST = "$(BUILT_PRODUCTS_DIR)/JLRoutesDemo.app/JLRoutesDemo";
			};
			name = Debug;
		};
		A023500020C78C0100C45F58 /* Release */ = {
			isa = XCBuildConfiguration;
			buildSettings = {
				BUNDLE_LOADER = "$(TEST_HOST)";
				CODE_SIGN_STYLE = Automatic;
				DEVELOPMENT_TEAM = 53395UF4JK;
				INFOPLIST_FILE = JLRoutesDemoTests/Info.plist;
				LD_RUNPATH_SEARCH_PATHS = (
					"$(inherited)",
					"@executable_path/Frameworks",
					"@loader_path/Frameworks",
				);
				PRODUCT_BUNDLE_IDENTIFIER = com.Ziwutong.JLRoutesDemoTests;
				PRODUCT_NAME = "$(TARGET_NAME)";
				TARGETED_DEVICE_FAMILY = "1,2";
				TEST_HOST = "$(BUILT_PRODUCTS_DIR)/JLRoutesDemo.app/JLRoutesDemo";
			};
			name = Release;
		};
		A023500220C78C0100C45F58 /* Debug */ = {
			isa = XCBuildConfiguration;
			buildSettings = {
				CODE_SIGN_STYLE = Automatic;
				DEVELOPMENT_TEAM = 53395UF4JK;
				INFOPLIST_FILE = JLRoutesDemoUITests/Info.plist;
				LD_RUNPATH_SEARCH_PATHS = (
					"$(inherited)",
					"@executable_path/Frameworks",
					"@loader_path/Frameworks",
				);
				PRODUCT_BUNDLE_IDENTIFIER = com.Ziwutong.JLRoutesDemoUITests;
				PRODUCT_NAME = "$(TARGET_NAME)";
				TARGETED_DEVICE_FAMILY = "1,2";
				TEST_TARGET_NAME = JLRoutesDemo;
			};
			name = Debug;
		};
		A023500320C78C0100C45F58 /* Release */ = {
			isa = XCBuildConfiguration;
			buildSettings = {
				CODE_SIGN_STYLE = Automatic;
				DEVELOPMENT_TEAM = 53395UF4JK;
				INFOPLIST_FILE = JLRoutesDemoUITests/Info.plist;
				LD_RUNPATH_SEARCH_PATHS = (
					"$(inherited)",
					"@executable_path/Frameworks",
					"@loader_path/Frameworks",
				);
				PRODUCT_BUNDLE_IDENTIFIER = com.Ziwutong.JLRoutesDemoUITests;
				PRODUCT_NAME = "$(TARGET_NAME)";
				TARGETED_DEVICE_FAMILY = "1,2";
				TEST_TARGET_NAME = JLRoutesDemo;
			};
			name = Release;
		};
/* End XCBuildConfiguration section */

/* Begin XCConfigurationList section */
		A0234FCA20C78BFF00C45F58 /* Build configuration list for PBXProject "JLRoutesDemo" */ = {
			isa = XCConfigurationList;
			buildConfigurations = (
				A0234FF920C78C0100C45F58 /* Debug */,
				A0234FFA20C78C0100C45F58 /* Release */,
			);
			defaultConfigurationIsVisible = 0;
			defaultConfigurationName = Release;
		};
		A0234FFB20C78C0100C45F58 /* Build configuration list for PBXNativeTarget "JLRoutesDemo" */ = {
			isa = XCConfigurationList;
			buildConfigurations = (
				A0234FFC20C78C0100C45F58 /* Debug */,
				A0234FFD20C78C0100C45F58 /* Release */,
			);
			defaultConfigurationIsVisible = 0;
			defaultConfigurationName = Release;
		};
		A0234FFE20C78C0100C45F58 /* Build configuration list for PBXNativeTarget "JLRoutesDemoTests" */ = {
			isa = XCConfigurationList;
			buildConfigurations = (
				A0234FFF20C78C0100C45F58 /* Debug */,
				A023500020C78C0100C45F58 /* Release */,
			);
			defaultConfigurationIsVisible = 0;
			defaultConfigurationName = Release;
		};
		A023500120C78C0100C45F58 /* Build configuration list for PBXNativeTarget "JLRoutesDemoUITests" */ = {
			isa = XCConfigurationList;
			buildConfigurations = (
				A023500220C78C0100C45F58 /* Debug */,
				A023500320C78C0100C45F58 /* Release */,
			);
			defaultConfigurationIsVisible = 0;
			defaultConfigurationName = Release;
		};
/* End XCConfigurationList section */
	};
	rootObject = A0234FC720C78BFF00C45F58 /* Project object */;
}
